// !$*UTF8*$!
{
	archiveVersion = 1;
	classes = {
	};
	objectVersion = 46;
	objects = {

/* Begin PBXBuildFile section */
		D70A16CA1B18A2D500D46A1F /* main.m in Sources */ = {isa = PBXBuildFile; fileRef = D70A16C91B18A2D500D46A1F /* main.m */; };
		D70A16CD1B18A2D500D46A1F /* AppDelegate.m in Sources */ = {isa = PBXBuildFile; fileRef = D70A16CC1B18A2D500D46A1F /* AppDelegate.m */; };
		D70A16D01B18A2D500D46A1F /* ViewController.m in Sources */ = {isa = PBXBuildFile; fileRef = D70A16CF1B18A2D500D46A1F /* ViewController.m */; };
		D70A16D31B18A2D500D46A1F /* Main.storyboard in Resources */ = {isa = PBXBuildFile; fileRef = D70A16D11B18A2D500D46A1F /* Main.storyboard */; };
		D70A16D51B18A2D500D46A1F /* Images.xcassets in Resources */ = {isa = PBXBuildFile; fileRef = D70A16D41B18A2D500D46A1F /* Images.xcassets */; };
		D70A16D81B18A2D500D46A1F /* LaunchScreen.xib in Resources */ = {isa = PBXBuildFile; fileRef = D70A16D61B18A2D500D46A1F /* LaunchScreen.xib */; };
		D70A16E41B18A2D500D46A1F /* KalebooTests.m in Sources */ = {isa = PBXBuildFile; fileRef = D70A16E31B18A2D500D46A1F /* KalebooTests.m */; };
		D76DD5F21B18A6220012D5CB /* KBApiAccess.m in Sources */ = {isa = PBXBuildFile; fileRef = D76DD5F11B18A6220012D5CB /* KBApiAccess.m */; };
		D76DD5FC1B18ACBB0012D5CB /* KBState.m in Sources */ = {isa = PBXBuildFile; fileRef = D76DD5FB1B18ACBB0012D5CB /* KBState.m */; };
		D78D99051B18F4370020E65C /* KBItem.m in Sources */ = {isa = PBXBuildFile; fileRef = D78D99041B18F4370020E65C /* KBItem.m */; };
		D7CE3F551B191DA200F7D978 /* arrow-left.png in Resources */ = {isa = PBXBuildFile; fileRef = D7CE3F4F1B191DA200F7D978 /* arrow-left.png */; };
		D7CE3F561B191DA200F7D978 /* arrow-right.png in Resources */ = {isa = PBXBuildFile; fileRef = D7CE3F501B191DA200F7D978 /* arrow-right.png */; };
		D7CE3F571B191DA200F7D978 /* homeicon.png in Resources */ = {isa = PBXBuildFile; fileRef = D7CE3F511B191DA200F7D978 /* homeicon.png */; };
		D7CE3F581B191DA200F7D978 /* ico-filter.png in Resources */ = {isa = PBXBuildFile; fileRef = D7CE3F521B191DA200F7D978 /* ico-filter.png */; };
		D7CE3F591B191DA200F7D978 /* ico-search.png in Resources */ = {isa = PBXBuildFile; fileRef = D7CE3F531B191DA200F7D978 /* ico-search.png */; };
		D7CE3F5A1B191DA200F7D978 /* logo-with-line.png in Resources */ = {isa = PBXBuildFile; fileRef = D7CE3F541B191DA200F7D978 /* logo-with-line.png */; };
		D7CE3F5D1B19239E00F7D978 /* KBHomeViewController.m in Sources */ = {isa = PBXBuildFile; fileRef = D7CE3F5C1B19239E00F7D978 /* KBHomeViewController.m */; };
		D7CF75841B18CD3E0057D1A3 /* KBCity.m in Sources */ = {isa = PBXBuildFile; fileRef = D7CF75831B18CD3E0057D1A3 /* KBCity.m */; };
		D7CF75871B18CDC20057D1A3 /* KBNeighborhood.m in Sources */ = {isa = PBXBuildFile; fileRef = D7CF75861B18CDC20057D1A3 /* KBNeighborhood.m */; };
		D7CF75901B18E2E30057D1A3 /* KBFilter.m in Sources */ = {isa = PBXBuildFile; fileRef = D7CF758F1B18E2E30057D1A3 /* KBFilter.m */; };
		D7CF75931B18E32D0057D1A3 /* KBFilterValue.m in Sources */ = {isa = PBXBuildFile; fileRef = D7CF75921B18E32D0057D1A3 /* KBFilterValue.m */; };
		D7FB71201B195A7D00B5E5A1 /* KBPagerViewController.m in Sources */ = {isa = PBXBuildFile; fileRef = D7FB711F1B195A7D00B5E5A1 /* KBPagerViewController.m */; };
		D7FB71231B1961B300B5E5A1 /* SwipeView.m in Sources */ = {isa = PBXBuildFile; fileRef = D7FB71221B1961B300B5E5A1 /* SwipeView.m */; };
		D9B606DC81B0E7D3FCDC25A6 /* libPods-Kaleboo.a in Frameworks */ = {isa = PBXBuildFile; fileRef = CE98A6EAD2250425F20B2F83 /* libPods-Kaleboo.a */; };
/* End PBXBuildFile section */

/* Begin PBXContainerItemProxy section */
		D70A16DE1B18A2D500D46A1F /* PBXContainerItemProxy */ = {
			isa = PBXContainerItemProxy;
			containerPortal = D70A16BC1B18A2D500D46A1F /* Project object */;
			proxyType = 1;
			remoteGlobalIDString = D70A16C31B18A2D500D46A1F;
			remoteInfo = Kaleboo;
		};
/* End PBXContainerItemProxy section */

/* Begin PBXFileReference section */
		9E2013FB47DF1E819C67243C /* Pods-Kaleboo.debug.xcconfig */ = {isa = PBXFileReference; includeInIndex = 1; lastKnownFileType = text.xcconfig; name = "Pods-Kaleboo.debug.xcconfig"; path = "Pods/Target Support Files/Pods-Kaleboo/Pods-Kaleboo.debug.xcconfig"; sourceTree = "<group>"; };
		ACF8D3B643117730CA432F4C /* Pods-Kaleboo.release.xcconfig */ = {isa = PBXFileReference; includeInIndex = 1; lastKnownFileType = text.xcconfig; name = "Pods-Kaleboo.release.xcconfig"; path = "Pods/Target Support Files/Pods-Kaleboo/Pods-Kaleboo.release.xcconfig"; sourceTree = "<group>"; };
		CE98A6EAD2250425F20B2F83 /* libPods-Kaleboo.a */ = {isa = PBXFileReference; explicitFileType = archive.ar; includeInIndex = 0; path = "libPods-Kaleboo.a"; sourceTree = BUILT_PRODUCTS_DIR; };
		D70A16C41B18A2D500D46A1F /* Kaleboo.app */ = {isa = PBXFileReference; explicitFileType = wrapper.application; includeInIndex = 0; path = Kaleboo.app; sourceTree = BUILT_PRODUCTS_DIR; };
		D70A16C81B18A2D500D46A1F /* Info.plist */ = {isa = PBXFileReference; lastKnownFileType = text.plist.xml; path = Info.plist; sourceTree = "<group>"; };
		D70A16C91B18A2D500D46A1F /* main.m */ = {isa = PBXFileReference; lastKnownFileType = sourcecode.c.objc; path = main.m; sourceTree = "<group>"; };
		D70A16CB1B18A2D500D46A1F /* AppDelegate.h */ = {isa = PBXFileReference; lastKnownFileType = sourcecode.c.h; path = AppDelegate.h; sourceTree = "<group>"; };
		D70A16CC1B18A2D500D46A1F /* AppDelegate.m */ = {isa = PBXFileReference; lastKnownFileType = sourcecode.c.objc; path = AppDelegate.m; sourceTree = "<group>"; };
		D70A16CE1B18A2D500D46A1F /* ViewController.h */ = {isa = PBXFileReference; lastKnownFileType = sourcecode.c.h; path = ViewController.h; sourceTree = "<group>"; };
		D70A16CF1B18A2D500D46A1F /* ViewController.m */ = {isa = PBXFileReference; lastKnownFileType = sourcecode.c.objc; path = ViewController.m; sourceTree = "<group>"; };
		D70A16D21B18A2D500D46A1F /* Base */ = {isa = PBXFileReference; lastKnownFileType = file.storyboard; name = Base; path = Base.lproj/Main.storyboard; sourceTree = "<group>"; };
		D70A16D41B18A2D500D46A1F /* Images.xcassets */ = {isa = PBXFileReference; lastKnownFileType = folder.assetcatalog; path = Images.xcassets; sourceTree = "<group>"; };
		D70A16D71B18A2D500D46A1F /* Base */ = {isa = PBXFileReference; lastKnownFileType = file.xib; name = Base; path = Base.lproj/LaunchScreen.xib; sourceTree = "<group>"; };
		D70A16DD1B18A2D500D46A1F /* KalebooTests.xctest */ = {isa = PBXFileReference; explicitFileType = wrapper.cfbundle; includeInIndex = 0; path = KalebooTests.xctest; sourceTree = BUILT_PRODUCTS_DIR; };
		D70A16E21B18A2D500D46A1F /* Info.plist */ = {isa = PBXFileReference; lastKnownFileType = text.plist.xml; path = Info.plist; sourceTree = "<group>"; };
		D70A16E31B18A2D500D46A1F /* KalebooTests.m */ = {isa = PBXFileReference; lastKnownFileType = sourcecode.c.objc; path = KalebooTests.m; sourceTree = "<group>"; };
		D76DD5F01B18A6220012D5CB /* KBApiAccess.h */ = {isa = PBXFileReference; fileEncoding = 4; lastKnownFileType = sourcecode.c.h; path = KBApiAccess.h; sourceTree = "<group>"; };
		D76DD5F11B18A6220012D5CB /* KBApiAccess.m */ = {isa = PBXFileReference; fileEncoding = 4; lastKnownFileType = sourcecode.c.objc; path = KBApiAccess.m; sourceTree = "<group>"; };
		D76DD5FA1B18ACBB0012D5CB /* KBState.h */ = {isa = PBXFileReference; fileEncoding = 4; lastKnownFileType = sourcecode.c.h; path = KBState.h; sourceTree = "<group>"; };
		D76DD5FB1B18ACBB0012D5CB /* KBState.m */ = {isa = PBXFileReference; fileEncoding = 4; lastKnownFileType = sourcecode.c.objc; path = KBState.m; sourceTree = "<group>"; };
		D78D99031B18F4370020E65C /* KBItem.h */ = {isa = PBXFileReference; fileEncoding = 4; lastKnownFileType = sourcecode.c.h; path = KBItem.h; sourceTree = "<group>"; };
		D78D99041B18F4370020E65C /* KBItem.m */ = {isa = PBXFileReference; fileEncoding = 4; lastKnownFileType = sourcecode.c.objc; path = KBItem.m; sourceTree = "<group>"; };
		D7CE3F4F1B191DA200F7D978 /* arrow-left.png */ = {isa = PBXFileReference; lastKnownFileType = image.png; name = "arrow-left.png"; path = "Resources/arrow-left.png"; sourceTree = SOURCE_ROOT; };
		D7CE3F501B191DA200F7D978 /* arrow-right.png */ = {isa = PBXFileReference; lastKnownFileType = image.png; name = "arrow-right.png"; path = "Resources/arrow-right.png"; sourceTree = SOURCE_ROOT; };
		D7CE3F511B191DA200F7D978 /* homeicon.png */ = {isa = PBXFileReference; lastKnownFileType = image.png; name = homeicon.png; path = Resources/homeicon.png; sourceTree = SOURCE_ROOT; };
		D7CE3F521B191DA200F7D978 /* ico-filter.png */ = {isa = PBXFileReference; lastKnownFileType = image.png; name = "ico-filter.png"; path = "Resources/ico-filter.png"; sourceTree = SOURCE_ROOT; };
		D7CE3F531B191DA200F7D978 /* ico-search.png */ = {isa = PBXFileReference; lastKnownFileType = image.png; name = "ico-search.png"; path = "Resources/ico-search.png"; sourceTree = SOURCE_ROOT; };
		D7CE3F541B191DA200F7D978 /* logo-with-line.png */ = {isa = PBXFileReference; lastKnownFileType = image.png; name = "logo-with-line.png"; path = "Resources/logo-with-line.png"; sourceTree = SOURCE_ROOT; };
		D7CE3F5B1B19239E00F7D978 /* KBHomeViewController.h */ = {isa = PBXFileReference; fileEncoding = 4; lastKnownFileType = sourcecode.c.h; path = KBHomeViewController.h; sourceTree = "<group>"; };
		D7CE3F5C1B19239E00F7D978 /* KBHomeViewController.m */ = {isa = PBXFileReference; fileEncoding = 4; lastKnownFileType = sourcecode.c.objc; path = KBHomeViewController.m; sourceTree = "<group>"; };
		D7CF75821B18CD3E0057D1A3 /* KBCity.h */ = {isa = PBXFileReference; fileEncoding = 4; lastKnownFileType = sourcecode.c.h; path = KBCity.h; sourceTree = "<group>"; };
		D7CF75831B18CD3E0057D1A3 /* KBCity.m */ = {isa = PBXFileReference; fileEncoding = 4; lastKnownFileType = sourcecode.c.objc; path = KBCity.m; sourceTree = "<group>"; };
		D7CF75851B18CDC20057D1A3 /* KBNeighborhood.h */ = {isa = PBXFileReference; fileEncoding = 4; lastKnownFileType = sourcecode.c.h; path = KBNeighborhood.h; sourceTree = "<group>"; };
		D7CF75861B18CDC20057D1A3 /* KBNeighborhood.m */ = {isa = PBXFileReference; fileEncoding = 4; lastKnownFileType = sourcecode.c.objc; path = KBNeighborhood.m; sourceTree = "<group>"; };
		D7CF758E1B18E2E30057D1A3 /* KBFilter.h */ = {isa = PBXFileReference; fileEncoding = 4; lastKnownFileType = sourcecode.c.h; path = KBFilter.h; sourceTree = "<group>"; };
		D7CF758F1B18E2E30057D1A3 /* KBFilter.m */ = {isa = PBXFileReference; fileEncoding = 4; lastKnownFileType = sourcecode.c.objc; path = KBFilter.m; sourceTree = "<group>"; };
		D7CF75911B18E32D0057D1A3 /* KBFilterValue.h */ = {isa = PBXFileReference; fileEncoding = 4; lastKnownFileType = sourcecode.c.h; path = KBFilterValue.h; sourceTree = "<group>"; };
		D7CF75921B18E32D0057D1A3 /* KBFilterValue.m */ = {isa = PBXFileReference; fileEncoding = 4; lastKnownFileType = sourcecode.c.objc; path = KBFilterValue.m; sourceTree = "<group>"; };
		D7FB711E1B195A7D00B5E5A1 /* KBPagerViewController.h */ = {isa = PBXFileReference; fileEncoding = 4; lastKnownFileType = sourcecode.c.h; path = KBPagerViewController.h; sourceTree = "<group>"; };
		D7FB711F1B195A7D00B5E5A1 /* KBPagerViewController.m */ = {isa = PBXFileReference; fileEncoding = 4; lastKnownFileType = sourcecode.c.objc; path = KBPagerViewController.m; sourceTree = "<group>"; };
		D7FB71211B1961B300B5E5A1 /* SwipeView.h */ = {isa = PBXFileReference; fileEncoding = 4; lastKnownFileType = sourcecode.c.h; name = SwipeView.h; path = External/SwipeView.h; sourceTree = SOURCE_ROOT; };
		D7FB71221B1961B300B5E5A1 /* SwipeView.m */ = {isa = PBXFileReference; fileEncoding = 4; lastKnownFileType = sourcecode.c.objc; name = SwipeView.m; path = External/SwipeView.m; sourceTree = SOURCE_ROOT; };
/* End PBXFileReference section */

/* Begin PBXFrameworksBuildPhase section */
		D70A16C11B18A2D500D46A1F /* Frameworks */ = {
			isa = PBXFrameworksBuildPhase;
			buildActionMask = 2147483647;
			files = (
				D9B606DC81B0E7D3FCDC25A6 /* libPods-Kaleboo.a in Frameworks */,
			);
			runOnlyForDeploymentPostprocessing = 0;
		};
		D70A16DA1B18A2D500D46A1F /* Frameworks */ = {
			isa = PBXFrameworksBuildPhase;
			buildActionMask = 2147483647;
			files = (
			);
			runOnlyForDeploymentPostprocessing = 0;
		};
/* End PBXFrameworksBuildPhase section */

/* Begin PBXGroup section */
		C5ACEEB1B39F7FA873B63712 /* Frameworks */ = {
			isa = PBXGroup;
			children = (
				CE98A6EAD2250425F20B2F83 /* libPods-Kaleboo.a */,
			);
			name = Frameworks;
			sourceTree = "<group>";
		};
		CAA8C93A64543DB84272C9C9 /* Pods */ = {
			isa = PBXGroup;
			children = (
				9E2013FB47DF1E819C67243C /* Pods-Kaleboo.debug.xcconfig */,
				ACF8D3B643117730CA432F4C /* Pods-Kaleboo.release.xcconfig */,
			);
			name = Pods;
			sourceTree = "<group>";
		};
		D70A16BB1B18A2D500D46A1F = {
			isa = PBXGroup;
			children = (
				D70A16C61B18A2D500D46A1F /* Kaleboo */,
				D70A16E01B18A2D500D46A1F /* KalebooTests */,
				D70A16C51B18A2D500D46A1F /* Products */,
				CAA8C93A64543DB84272C9C9 /* Pods */,
				C5ACEEB1B39F7FA873B63712 /* Frameworks */,
			);
			sourceTree = "<group>";
		};
		D70A16C51B18A2D500D46A1F /* Products */ = {
			isa = PBXGroup;
			children = (
				D70A16C41B18A2D500D46A1F /* Kaleboo.app */,
				D70A16DD1B18A2D500D46A1F /* KalebooTests.xctest */,
			);
			name = Products;
			sourceTree = "<group>";
		};
		D70A16C61B18A2D500D46A1F /* Kaleboo */ = {
			isa = PBXGroup;
			children = (
				D70A16CB1B18A2D500D46A1F /* AppDelegate.h */,
				D70A16CC1B18A2D500D46A1F /* AppDelegate.m */,
				D76DD5F91B18AA700012D5CB /* Models */,
				D76DD5F31B18A6270012D5CB /* DataAccess */,
				D76DD5F41B18A6370012D5CB /* Presentation */,
				D76DD5F51B18A6550012D5CB /* PresentationResources */,
				D7FB71241B1961B800B5E5A1 /* External */,
				D70A16C71B18A2D500D46A1F /* Supporting Files */,
			);
			path = Kaleboo;
			sourceTree = "<group>";
		};
		D70A16C71B18A2D500D46A1F /* Supporting Files */ = {
			isa = PBXGroup;
			children = (
				D70A16C81B18A2D500D46A1F /* Info.plist */,
				D70A16C91B18A2D500D46A1F /* main.m */,
			);
			name = "Supporting Files";
			sourceTree = "<group>";
		};
		D70A16E01B18A2D500D46A1F /* KalebooTests */ = {
			isa = PBXGroup;
			children = (
				D70A16E31B18A2D500D46A1F /* KalebooTests.m */,
				D70A16E11B18A2D500D46A1F /* Supporting Files */,
			);
			path = KalebooTests;
			sourceTree = "<group>";
		};
		D70A16E11B18A2D500D46A1F /* Supporting Files */ = {
			isa = PBXGroup;
			children = (
				D70A16E21B18A2D500D46A1F /* Info.plist */,
			);
			name = "Supporting Files";
			sourceTree = "<group>";
		};
		D76DD5F31B18A6270012D5CB /* DataAccess */ = {
			isa = PBXGroup;
			children = (
				D76DD5F01B18A6220012D5CB /* KBApiAccess.h */,
				D76DD5F11B18A6220012D5CB /* KBApiAccess.m */,
			);
			name = DataAccess;
			sourceTree = "<group>";
		};
		D76DD5F41B18A6370012D5CB /* Presentation */ = {
			isa = PBXGroup;
			children = (
				D70A16CE1B18A2D500D46A1F /* ViewController.h */,
				D70A16CF1B18A2D500D46A1F /* ViewController.m */,
				D7CE3F5B1B19239E00F7D978 /* KBHomeViewController.h */,
				D7CE3F5C1B19239E00F7D978 /* KBHomeViewController.m */,
				D7FB711E1B195A7D00B5E5A1 /* KBPagerViewController.h */,
				D7FB711F1B195A7D00B5E5A1 /* KBPagerViewController.m */,
			);
			name = Presentation;
			sourceTree = "<group>";
		};
		D76DD5F51B18A6550012D5CB /* PresentationResources */ = {
			isa = PBXGroup;
			children = (
				D70A16D11B18A2D500D46A1F /* Main.storyboard */,
				D70A16D41B18A2D500D46A1F /* Images.xcassets */,
				D70A16D61B18A2D500D46A1F /* LaunchScreen.xib */,
				D7CE3F4F1B191DA200F7D978 /* arrow-left.png */,
				D7CE3F501B191DA200F7D978 /* arrow-right.png */,
				D7CE3F511B191DA200F7D978 /* homeicon.png */,
				D7CE3F521B191DA200F7D978 /* ico-filter.png */,
				D7CE3F531B191DA200F7D978 /* ico-search.png */,
				D7CE3F541B191DA200F7D978 /* logo-with-line.png */,
			);
			name = PresentationResources;
			sourceTree = "<group>";
		};
		D76DD5F91B18AA700012D5CB /* Models */ = {
			isa = PBXGroup;
			children = (
				D76DD5FA1B18ACBB0012D5CB /* KBState.h */,
				D76DD5FB1B18ACBB0012D5CB /* KBState.m */,
				D7CF75821B18CD3E0057D1A3 /* KBCity.h */,
				D7CF75831B18CD3E0057D1A3 /* KBCity.m */,
				D7CF75851B18CDC20057D1A3 /* KBNeighborhood.h */,
				D7CF75861B18CDC20057D1A3 /* KBNeighborhood.m */,
				D7CF758E1B18E2E30057D1A3 /* KBFilter.h */,
				D7CF758F1B18E2E30057D1A3 /* KBFilter.m */,
				D7CF75911B18E32D0057D1A3 /* KBFilterValue.h */,
				D7CF75921B18E32D0057D1A3 /* KBFilterValue.m */,
				D78D99031B18F4370020E65C /* KBItem.h */,
				D78D99041B18F4370020E65C /* KBItem.m */,
			);
			name = Models;
			sourceTree = "<group>";
		};
		D7FB71241B1961B800B5E5A1 /* External */ = {
			isa = PBXGroup;
			children = (
				D7FB71211B1961B300B5E5A1 /* SwipeView.h */,
				D7FB71221B1961B300B5E5A1 /* SwipeView.m */,
			);
			name = External;
			sourceTree = "<group>";
		};
/* End PBXGroup section */

/* Begin PBXNativeTarget section */
		D70A16C31B18A2D500D46A1F /* Kaleboo */ = {
			isa = PBXNativeTarget;
			buildConfigurationList = D70A16E71B18A2D500D46A1F /* Build configuration list for PBXNativeTarget "Kaleboo" */;
			buildPhases = (
				6A5267878DB302720E9469E5 /* Check Pods Manifest.lock */,
				D70A16C01B18A2D500D46A1F /* Sources */,
				D70A16C11B18A2D500D46A1F /* Frameworks */,
				D70A16C21B18A2D500D46A1F /* Resources */,
				23076CB28DD9941868E2F4DA /* Copy Pods Resources */,
			);
			buildRules = (
			);
			dependencies = (
			);
			name = Kaleboo;
			productName = Kaleboo;
			productReference = D70A16C41B18A2D500D46A1F /* Kaleboo.app */;
			productType = "com.apple.product-type.application";
		};
		D70A16DC1B18A2D500D46A1F /* KalebooTests */ = {
			isa = PBXNativeTarget;
			buildConfigurationList = D70A16EA1B18A2D500D46A1F /* Build configuration list for PBXNativeTarget "KalebooTests" */;
			buildPhases = (
				D70A16D91B18A2D500D46A1F /* Sources */,
				D70A16DA1B18A2D500D46A1F /* Frameworks */,
				D70A16DB1B18A2D500D46A1F /* Resources */,
			);
			buildRules = (
			);
			dependencies = (
				D70A16DF1B18A2D500D46A1F /* PBXTargetDependency */,
			);
			name = KalebooTests;
			productName = KalebooTests;
			productReference = D70A16DD1B18A2D500D46A1F /* KalebooTests.xctest */;
			productType = "com.apple.product-type.bundle.unit-test";
		};
/* End PBXNativeTarget section */

/* Begin PBXProject section */
		D70A16BC1B18A2D500D46A1F /* Project object */ = {
			isa = PBXProject;
			attributes = {
				LastUpgradeCheck = 0630;
				ORGANIZATIONNAME = Kaleboo;
				TargetAttributes = {
					D70A16C31B18A2D500D46A1F = {
						CreatedOnToolsVersion = 6.3.1;
					};
					D70A16DC1B18A2D500D46A1F = {
						CreatedOnToolsVersion = 6.3.1;
						TestTargetID = D70A16C31B18A2D500D46A1F;
					};
				};
			};
			buildConfigurationList = D70A16BF1B18A2D500D46A1F /* Build configuration list for PBXProject "Kaleboo" */;
			compatibilityVersion = "Xcode 3.2";
			developmentRegion = English;
			hasScannedForEncodings = 0;
			knownRegions = (
				en,
				Base,
			);
			mainGroup = D70A16BB1B18A2D500D46A1F;
			productRefGroup = D70A16C51B18A2D500D46A1F /* Products */;
			projectDirPath = "";
			projectRoot = "";
			targets = (
				D70A16C31B18A2D500D46A1F /* Kaleboo */,
				D70A16DC1B18A2D500D46A1F /* KalebooTests */,
			);
		};
/* End PBXProject section */

/* Begin PBXResourcesBuildPhase section */
		D70A16C21B18A2D500D46A1F /* Resources */ = {
			isa = PBXResourcesBuildPhase;
			buildActionMask = 2147483647;
			files = (
				D7CE3F5A1B191DA200F7D978 /* logo-with-line.png in Resources */,
				D7CE3F551B191DA200F7D978 /* arrow-left.png in Resources */,
				D70A16D31B18A2D500D46A1F /* Main.storyboard in Resources */,
				D7CE3F581B191DA200F7D978 /* ico-filter.png in Resources */,
				D70A16D81B18A2D500D46A1F /* LaunchScreen.xib in Resources */,
				D7CE3F571B191DA200F7D978 /* homeicon.png in Resources */,
				D7CE3F561B191DA200F7D978 /* arrow-right.png in Resources */,
				D70A16D51B18A2D500D46A1F /* Images.xcassets in Resources */,
				D7CE3F591B191DA200F7D978 /* ico-search.png in Resources */,
			);
			runOnlyForDeploymentPostprocessing = 0;
		};
		D70A16DB1B18A2D500D46A1F /* Resources */ = {
			isa = PBXResourcesBuildPhase;
			buildActionMask = 2147483647;
			files = (
			);
			runOnlyForDeploymentPostprocessing = 0;
		};
/* End PBXResourcesBuildPhase section */

/* Begin PBXShellScriptBuildPhase section */
		23076CB28DD9941868E2F4DA /* Copy Pods Resources */ = {
			isa = PBXShellScriptBuildPhase;
			buildActionMask = 2147483647;
			files = (
			);
			inputPaths = (
			);
			name = "Copy Pods Resources";
			outputPaths = (
			);
			runOnlyForDeploymentPostprocessing = 0;
			shellPath = /bin/sh;
			shellScript = "\"${SRCROOT}/Pods/Target Support Files/Pods-Kaleboo/Pods-Kaleboo-resources.sh\"\n";
			showEnvVarsInLog = 0;
		};
		6A5267878DB302720E9469E5 /* Check Pods Manifest.lock */ = {
			isa = PBXShellScriptBuildPhase;
			buildActionMask = 2147483647;
			files = (
			);
			inputPaths = (
			);
			name = "Check Pods Manifest.lock";
			outputPaths = (
			);
			runOnlyForDeploymentPostprocessing = 0;
			shellPath = /bin/sh;
			shellScript = "diff \"${PODS_ROOT}/../Podfile.lock\" \"${PODS_ROOT}/Manifest.lock\" > /dev/null\nif [[ $? != 0 ]] ; then\n    cat << EOM\nerror: The sandbox is not in sync with the Podfile.lock. Run 'pod install' or update your CocoaPods installation.\nEOM\n    exit 1\nfi\n";
			showEnvVarsInLog = 0;
		};
/* End PBXShellScriptBuildPhase section */

/* Begin PBXSourcesBuildPhase section */
		D70A16C01B18A2D500D46A1F /* Sources */ = {
			isa = PBXSourcesBuildPhase;
			buildActionMask = 2147483647;
			files = (
				D7CE3F5D1B19239E00F7D978 /* KBHomeViewController.m in Sources */,
				D7CF75871B18CDC20057D1A3 /* KBNeighborhood.m in Sources */,
				D70A16D01B18A2D500D46A1F /* ViewController.m in Sources */,
				D76DD5F21B18A6220012D5CB /* KBApiAccess.m in Sources */,
				D7CF75901B18E2E30057D1A3 /* KBFilter.m in Sources */,
				D7CF75841B18CD3E0057D1A3 /* KBCity.m in Sources */,
				D7FB71231B1961B300B5E5A1 /* SwipeView.m in Sources */,
				D7CF75931B18E32D0057D1A3 /* KBFilterValue.m in Sources */,
				D70A16CD1B18A2D500D46A1F /* AppDelegate.m in Sources */,
				D76DD5FC1B18ACBB0012D5CB /* KBState.m in Sources */,
				D7FB71201B195A7D00B5E5A1 /* KBPagerViewController.m in Sources */,
				D70A16CA1B18A2D500D46A1F /* main.m in Sources */,
				D78D99051B18F4370020E65C /* KBItem.m in Sources */,
			);
			runOnlyForDeploymentPostprocessing = 0;
		};
		D70A16D91B18A2D500D46A1F /* Sources */ = {
			isa = PBXSourcesBuildPhase;
			buildActionMask = 2147483647;
			files = (
				D70A16E41B18A2D500D46A1F /* KalebooTests.m in Sources */,
			);
			runOnlyForDeploymentPostprocessing = 0;
		};
/* End PBXSourcesBuildPhase section */

/* Begin PBXTargetDependency section */
		D70A16DF1B18A2D500D46A1F /* PBXTargetDependency */ = {
			isa = PBXTargetDependency;
			target = D70A16C31B18A2D500D46A1F /* Kaleboo */;
			targetProxy = D70A16DE1B18A2D500D46A1F /* PBXContainerItemProxy */;
		};
/* End PBXTargetDependency section */

/* Begin PBXVariantGroup section */
		D70A16D11B18A2D500D46A1F /* Main.storyboard */ = {
			isa = PBXVariantGroup;
			children = (
				D70A16D21B18A2D500D46A1F /* Base */,
			);
			name = Main.storyboard;
			sourceTree = "<group>";
		};
		D70A16D61B18A2D500D46A1F /* LaunchScreen.xib */ = {
			isa = PBXVariantGroup;
			children = (
				D70A16D71B18A2D500D46A1F /* Base */,
			);
			name = LaunchScreen.xib;
			sourceTree = "<group>";
		};
/* End PBXVariantGroup section */

/* Begin XCBuildConfiguration section */
		D70A16E51B18A2D500D46A1F /* Debug */ = {
			isa = XCBuildConfiguration;
			buildSettings = {
				ALWAYS_SEARCH_USER_PATHS = NO;
				CLANG_CXX_LANGUAGE_STANDARD = "gnu++0x";
				CLANG_CXX_LIBRARY = "libc++";
				CLANG_ENABLE_MODULES = YES;
				CLANG_ENABLE_OBJC_ARC = YES;
				CLANG_WARN_BOOL_CONVERSION = YES;
				CLANG_WARN_CONSTANT_CONVERSION = YES;
				CLANG_WARN_DIRECT_OBJC_ISA_USAGE = YES_ERROR;
				CLANG_WARN_EMPTY_BODY = YES;
				CLANG_WARN_ENUM_CONVERSION = YES;
				CLANG_WARN_INT_CONVERSION = YES;
				CLANG_WARN_OBJC_ROOT_CLASS = YES_ERROR;
				CLANG_WARN_UNREACHABLE_CODE = YES;
				CLANG_WARN__DUPLICATE_METHOD_MATCH = YES;
				"CODE_SIGN_IDENTITY[sdk=iphoneos*]" = "iPhone Developer";
				COPY_PHASE_STRIP = NO;
				DEBUG_INFORMATION_FORMAT = "dwarf-with-dsym";
				ENABLE_STRICT_OBJC_MSGSEND = YES;
				GCC_C_LANGUAGE_STANDARD = gnu99;
				GCC_DYNAMIC_NO_PIC = NO;
				GCC_NO_COMMON_BLOCKS = YES;
				GCC_OPTIMIZATION_LEVEL = 0;
				GCC_PREPROCESSOR_DEFINITIONS = (
					"DEBUG=1",
					"$(inherited)",
				);
				GCC_SYMBOLS_PRIVATE_EXTERN = NO;
				GCC_WARN_64_TO_32_BIT_CONVERSION = YES;
				GCC_WARN_ABOUT_RETURN_TYPE = YES_ERROR;
				GCC_WARN_UNDECLARED_SELECTOR = YES;
				GCC_WARN_UNINITIALIZED_AUTOS = YES_AGGRESSIVE;
				GCC_WARN_UNUSED_FUNCTION = YES;
				GCC_WARN_UNUSED_VARIABLE = YES;
				IPHONEOS_DEPLOYMENT_TARGET = 8.3;
				MTL_ENABLE_DEBUG_INFO = YES;
				ONLY_ACTIVE_ARCH = YES;
				SDKROOT = iphoneos;
				TARGETED_DEVICE_FAMILY = "1,2";
			};
			name = Debug;
		};
		D70A16E61B18A2D500D46A1F /* Release */ = {
			isa = XCBuildConfiguration;
			buildSettings = {
				ALWAYS_SEARCH_USER_PATHS = NO;
				CLANG_CXX_LANGUAGE_STANDARD = "gnu++0x";
				CLANG_CXX_LIBRARY = "libc++";
				CLANG_ENABLE_MODULES = YES;
				CLANG_ENABLE_OBJC_ARC = YES;
				CLANG_WARN_BOOL_CONVERSION = YES;
				CLANG_WARN_CONSTANT_CONVERSION = YES;
				CLANG_WARN_DIRECT_OBJC_ISA_USAGE = YES_ERROR;
				CLANG_WARN_EMPTY_BODY = YES;
				CLANG_WARN_ENUM_CONVERSION = YES;
				CLANG_WARN_INT_CONVERSION = YES;
				CLANG_WARN_OBJC_ROOT_CLASS = YES_ERROR;
				CLANG_WARN_UNREACHABLE_CODE = YES;
				CLANG_WARN__DUPLICATE_METHOD_MATCH = YES;
				"CODE_SIGN_IDENTITY[sdk=iphoneos*]" = "iPhone Developer";
				COPY_PHASE_STRIP = NO;
				DEBUG_INFORMATION_FORMAT = "dwarf-with-dsym";
				ENABLE_NS_ASSERTIONS = NO;
				ENABLE_STRICT_OBJC_MSGSEND = YES;
				GCC_C_LANGUAGE_STANDARD = gnu99;
				GCC_NO_COMMON_BLOCKS = YES;
				GCC_WARN_64_TO_32_BIT_CONVERSION = YES;
				GCC_WARN_ABOUT_RETURN_TYPE = YES_ERROR;
				GCC_WARN_UNDECLARED_SELECTOR = YES;
				GCC_WARN_UNINITIALIZED_AUTOS = YES_AGGRESSIVE;
				GCC_WARN_UNUSED_FUNCTION = YES;
				GCC_WARN_UNUSED_VARIABLE = YES;
				IPHONEOS_DEPLOYMENT_TARGET = 8.3;
				MTL_ENABLE_DEBUG_INFO = NO;
				SDKROOT = iphoneos;
				TARGETED_DEVICE_FAMILY = "1,2";
				VALIDATE_PRODUCT = YES;
			};
			name = Release;
		};
		D70A16E81B18A2D500D46A1F /* Debug */ = {
			isa = XCBuildConfiguration;
			baseConfigurationReference = 9E2013FB47DF1E819C67243C /* Pods-Kaleboo.debug.xcconfig */;
			buildSettings = {
				ASSETCATALOG_COMPILER_APPICON_NAME = AppIcon;
				INFOPLIST_FILE = Kaleboo/Info.plist;
				IPHONEOS_DEPLOYMENT_TARGET = 7.0;
				LD_RUNPATH_SEARCH_PATHS = "$(inherited) @executable_path/Frameworks";
				PRODUCT_NAME = "$(TARGET_NAME)";
				TARGETED_DEVICE_FAMILY = 1;
			};
			name = Debug;
		};
		D70A16E91B18A2D500D46A1F /* Release */ = {
			isa = XCBuildConfiguration;
			baseConfigurationReference = ACF8D3B643117730CA432F4C /* Pods-Kaleboo.release.xcconfig */;
			buildSettings = {
				ASSETCATALOG_COMPILER_APPICON_NAME = AppIcon;
				INFOPLIST_FILE = Kaleboo/Info.plist;
				IPHONEOS_DEPLOYMENT_TARGET = 7.0;
				LD_RUNPATH_SEARCH_PATHS = "$(inherited) @executable_path/Frameworks";
				PRODUCT_NAME = "$(TARGET_NAME)";
				TARGETED_DEVICE_FAMILY = 1;
			};
			name = Release;
		};
		D70A16EB1B18A2D500D46A1F /* Debug */ = {
			isa = XCBuildConfiguration;
			buildSettings = {
				BUNDLE_LOADER = "$(TEST_HOST)";
				FRAMEWORK_SEARCH_PATHS = (
					"$(SDKROOT)/Developer/Library/Frameworks",
					"$(inherited)",
				);
				GCC_PREPROCESSOR_DEFINITIONS = (
					"DEBUG=1",
					"$(inherited)",
				);
				INFOPLIST_FILE = KalebooTests/Info.plist;
				LD_RUNPATH_SEARCH_PATHS = "$(inherited) @executable_path/Frameworks @loader_path/Frameworks";
				PRODUCT_NAME = "$(TARGET_NAME)";
				TEST_HOST = "$(BUILT_PRODUCTS_DIR)/Kaleboo.app/Kaleboo";
			};
			name = Debug;
		};
		D70A16EC1B18A2D500D46A1F /* Release */ = {
			isa = XCBuildConfiguration;
			buildSettings = {
				BUNDLE_LOADER = "$(TEST_HOST)";
				FRAMEWORK_SEARCH_PATHS = (
					"$(SDKROOT)/Developer/Library/Frameworks",
					"$(inherited)",
				);
				INFOPLIST_FILE = KalebooTests/Info.plist;
				LD_RUNPATH_SEARCH_PATHS = "$(inherited) @executable_path/Frameworks @loader_path/Frameworks";
				PRODUCT_NAME = "$(TARGET_NAME)";
				TEST_HOST = "$(BUILT_PRODUCTS_DIR)/Kaleboo.app/Kaleboo";
			};
			name = Release;
		};
/* End XCBuildConfiguration section */

/* Begin XCConfigurationList section */
		D70A16BF1B18A2D500D46A1F /* Build configuration list for PBXProject "Kaleboo" */ = {
			isa = XCConfigurationList;
			buildConfigurations = (
				D70A16E51B18A2D500D46A1F /* Debug */,
				D70A16E61B18A2D500D46A1F /* Release */,
			);
			defaultConfigurationIsVisible = 0;
			defaultConfigurationName = Release;
		};
		D70A16E71B18A2D500D46A1F /* Build configuration list for PBXNativeTarget "Kaleboo" */ = {
			isa = XCConfigurationList;
			buildConfigurations = (
				D70A16E81B18A2D500D46A1F /* Debug */,
				D70A16E91B18A2D500D46A1F /* Release */,
			);
			defaultConfigurationIsVisible = 0;
			defaultConfigurationName = Release;
		};
		D70A16EA1B18A2D500D46A1F /* Build configuration list for PBXNativeTarget "KalebooTests" */ = {
			isa = XCConfigurationList;
			buildConfigurations = (
				D70A16EB1B18A2D500D46A1F /* Debug */,
				D70A16EC1B18A2D500D46A1F /* Release */,
			);
			defaultConfigurationIsVisible = 0;
			defaultConfigurationName = Release;
		};
/* End XCConfigurationList section */
	};
	rootObject = D70A16BC1B18A2D500D46A1F /* Project object */;
}
